{
  "version": "5",
  "specifiers": {
    "jsr:@supabase/functions-js@*": "2.102.0"
  },
  "jsr": {
    "@supabase/functions-js@2.102.0": {
      "integrity": "f184eb14b7f4bd8ce8c8a0f5321bae59dc2721c5948fe9f3a7450f395a27c87c"
    }
  },
  "redirects": {
    "https://deno.land/std/http/server.ts": "https://deno.land/std@0.224.0/http/server.ts"
  },
  "remote": {
    "https://deno.land/std@0.224.0/async/delay.ts": "f90dd685b97c2f142b8069082993e437b1602b8e2561134827eeb7c12b95c499",
    "https://deno.land/std@0.224.0/http/server.ts": "f9313804bf6467a1704f45f76cb6cd0a3396a3b31c316035e6a4c2035d1ea514"
  },
  "workspace": {
    "packageJson": {
      "dependencies": [
        "npm:@supabase/supabase-js@^2.57.4",
        "npm:@types/react-dom@^18.2.17",
        "npm:@types/react@^18.2.43",
        "npm:@vitejs/plugin-react@^4.2.1",
        "npm:autoprefixer@^10.4.17",
        "npm:lucide-react@~0.263.1",
        "npm:postcss@^8.4.32",
        "npm:react-dom@^18.2.0",
        "npm:react@^18.2.0",
        "npm:recharts@^2.10.3",
        "npm:tailwindcss@^3.4.1",
        "npm:typescript@^5.3.3",
        "npm:vite@^5.0.8"
      ]
    }
  }
}
